
Microsoft Visual Studio Solution File, Format Version 12.00
Project("{FAE04EC0-301F-11D3-BF4B-00C04F79EFBC}") = "Rest-API", "Rest-API\Rest-API.csproj", "{B3312569-BC50-4E62-BA4C-9E80FADB2F80}"
EndProject
Project("{FAE04EC0-301F-11D3-BF4B-00C04F79EFBC}") = "Database", "Database\Database.csproj", "{BFFBAF3F-D8F0-4563-9848-27E0A8650952}"
EndProject
Project("{FAE04EC0-301F-11D3-BF4B-00C04F79EFBC}") = "MQTT-Receiver-Worker", "MQTT-Receiver-Worker\MQTT-Receiver-Worker.csproj", "{2EB5E46A-AEE9-46E3-98A0-78C6FA3C6864}"
EndProject
Project("{FAE04EC0-301F-11D3-BF4B-00C04F79EFBC}") = "MQTT-Sender", "MQTT-Sender\MQTT-Sender.csproj", "{1E8BD74F-D3BD-4D8D-A6FA-9470E242F045}"
EndProject
Project("{FAE04EC0-301F-11D3-BF4B-00C04F79EFBC}") = "UnitTests", "UnitTests\UnitTests.csproj", "{CA7FD8F4-B302-40BC-B4E1-62DC5E216BC7}"
EndProject
Project("{FAE04EC0-301F-11D3-BF4B-00C04F79EFBC}") = "Get-weatherData-worker", "Get-weatherData-worker\Get-weatherData-worker.csproj", "{EFBC7FC9-77FA-46A2-9567-737B03D6387E}"
EndProject
Project("{FAE04EC0-301F-11D3-BF4B-00C04F79EFBC}") = "IntegrationTests", "IntegrationTests\IntegrationTests.csproj", "{2F8A3C41-9B7E-4D6F-A8E5-3C9D7B5E2F84}"
EndProject
Project("{FAE04EC0-301F-11D3-BF4B-00C04F79EFBC}") = "LoadTests", "LoadTests\LoadTests.csproj", "{3D8B2F45-7A9C-4E6F-B2D5-8C3E9F1A2B3C}"
EndProject
Project("{2150E333-8FDC-42A3-9474-1A3956D46DE8}") = "Tests", "Tests", "{A7F9BF79-5907-468D-9B6D-183CEA054AAF}"
EndProject
Global
	GlobalSection(SolutionConfigurationPlatforms) = preSolution
		Debug|Any CPU = Debug|Any CPU
		Release|Any CPU = Release|Any CPU
	EndGlobalSection
	GlobalSection(ProjectConfigurationPlatforms) = postSolution
		{B3312569-BC50-4E62-BA4C-9E80FADB2F80}.Debug|Any CPU.ActiveCfg = Debug|Any CPU
		{B3312569-BC50-4E62-BA4C-9E80FADB2F80}.Debug|Any CPU.Build.0 = Debug|Any CPU
		{B3312569-BC50-4E62-BA4C-9E80FADB2F80}.Release|Any CPU.ActiveCfg = Release|Any CPU
		{B3312569-BC50-4E62-BA4C-9E80FADB2F80}.Release|Any CPU.Build.0 = Release|Any CPU
		{BFFBAF3F-D8F0-4563-9848-27E0A8650952}.Debug|Any CPU.ActiveCfg = Debug|Any CPU
		{BFFBAF3F-D8F0-4563-9848-27E0A8650952}.Debug|Any CPU.Build.0 = Debug|Any CPU
		{BFFBAF3F-D8F0-4563-9848-27E0A8650952}.Release|Any CPU.ActiveCfg = Release|Any CPU
		{BFFBAF3F-D8F0-4563-9848-27E0A8650952}.Release|Any CPU.Build.0 = Release|Any CPU
		{2EB5E46A-AEE9-46E3-98A0-78C6FA3C6864}.Debug|Any CPU.ActiveCfg = Debug|Any CPU
		{2EB5E46A-AEE9-46E3-98A0-78C6FA3C6864}.Debug|Any CPU.Build.0 = Debug|Any CPU
		{2EB5E46A-AEE9-46E3-98A0-78C6FA3C6864}.Release|Any CPU.ActiveCfg = Release|Any CPU
		{2EB5E46A-AEE9-46E3-98A0-78C6FA3C6864}.Release|Any CPU.Build.0 = Release|Any CPU
		{1E8BD74F-D3BD-4D8D-A6FA-9470E242F045}.Debug|Any CPU.ActiveCfg = Debug|Any CPU
		{1E8BD74F-D3BD-4D8D-A6FA-9470E242F045}.Debug|Any CPU.Build.0 = Debug|Any CPU
		{1E8BD74F-D3BD-4D8D-A6FA-9470E242F045}.Release|Any CPU.ActiveCfg = Release|Any CPU
		{1E8BD74F-D3BD-4D8D-A6FA-9470E242F045}.Release|Any CPU.Build.0 = Release|Any CPU
		{CA7FD8F4-B302-40BC-B4E1-62DC5E216BC7}.Debug|Any CPU.ActiveCfg = Debug|Any CPU
		{CA7FD8F4-B302-40BC-B4E1-62DC5E216BC7}.Debug|Any CPU.Build.0 = Debug|Any CPU
		{CA7FD8F4-B302-40BC-B4E1-62DC5E216BC7}.Release|Any CPU.ActiveCfg = Release|Any CPU
		{CA7FD8F4-B302-40BC-B4E1-62DC5E216BC7}.Release|Any CPU.Build.0 = Release|Any CPU
		{EFBC7FC9-77FA-46A2-9567-737B03D6387E}.Debug|Any CPU.ActiveCfg = Debug|Any CPU
		{EFBC7FC9-77FA-46A2-9567-737B03D6387E}.Debug|Any CPU.Build.0 = Debug|Any CPU
		{EFBC7FC9-77FA-46A2-9567-737B03D6387E}.Release|Any CPU.ActiveCfg = Release|Any CPU
		{EFBC7FC9-77FA-46A2-9567-737B03D6387E}.Release|Any CPU.Build.0 = Release|Any CPU
		{2F8A3C41-9B7E-4D6F-A8E5-3C9D7B5E2F84}.Debug|Any CPU.ActiveCfg = Debug|Any CPU
		{2F8A3C41-9B7E-4D6F-A8E5-3C9D7B5E2F84}.Debug|Any CPU.Build.0 = Debug|Any CPU
		{2F8A3C41-9B7E-4D6F-A8E5-3C9D7B5E2F84}.Release|Any CPU.ActiveCfg = Release|Any CPU
		{2F8A3C41-9B7E-4D6F-A8E5-3C9D7B5E2F84}.Release|Any CPU.Build.0 = Release|Any CPU
		{3D8B2F45-7A9C-4E6F-B2D5-8C3E9F1A2B3C}.Debug|Any CPU.ActiveCfg = Debug|Any CPU
		{3D8B2F45-7A9C-4E6F-B2D5-8C3E9F1A2B3C}.Debug|Any CPU.Build.0 = Debug|Any CPU
		{3D8B2F45-7A9C-4E6F-B2D5-8C3E9F1A2B3C}.Release|Any CPU.ActiveCfg = Release|Any CPU
		{3D8B2F45-7A9C-4E6F-B2D5-8C3E9F1A2B3C}.Release|Any CPU.Build.0 = Release|Any CPU
	EndGlobalSection
	GlobalSection(NestedProjects) = preSolution
		{2F8A3C41-9B7E-4D6F-A8E5-3C9D7B5E2F84} = {A7F9BF79-5907-468D-9B6D-183CEA054AAF}
		{CA7FD8F4-B302-40BC-B4E1-62DC5E216BC7} = {A7F9BF79-5907-468D-9B6D-183CEA054AAF}
		{3D8B2F45-7A9C-4E6F-B2D5-8C3E9F1A2B3C} = {A7F9BF79-5907-468D-9B6D-183CEA054AAF}
	EndGlobalSection
EndGlobal
